
Microsoft Visual Studio Solution File, Format Version 12.00
# Visual Studio 15
VisualStudioVersion = 15.0.33801.198
MinimumVisualStudioVersion = 10.0.40219.1
Project("{FAE04EC0-301F-11D3-BF4B-00C04F79EFBC}") = "UZWalks.API", "UZWalks.API\UZWalks.API.csproj", "{08A89C9E-CCB6-4C16-B355-D6E74EAFF007}"
EndProject
Global
	GlobalSection(SolutionConfigurationPlatforms) = preSolution
		Debug|Any CPU = Debug|Any CPU
		Release|Any CPU = Release|Any CPU
	EndGlobalSection
	GlobalSection(ProjectConfigurationPlatforms) = postSolution
		{08A89C9E-CCB6-4C16-B355-D6E74EAFF007}.Debug|Any CPU.ActiveCfg = Debug|Any CPU
		{08A89C9E-CCB6-4C16-B355-D6E74EAFF007}.Debug|Any CPU.Build.0 = Debug|Any CPU
		{08A89C9E-CCB6-4C16-B355-D6E74EAFF007}.Release|Any CPU.ActiveCfg = Release|Any CPU
		{08A89C9E-CCB6-4C16-B355-D6E74EAFF007}.Release|Any CPU.Build.0 = Release|Any CPU
	EndGlobalSection
	GlobalSection(SolutionProperties) = preSolution
		HideSolutionNode = FALSE
	EndGlobalSection
	GlobalSection(ExtensibilityGlobals) = postSolution
		SolutionGuid = {CFB360C6-2330-4E38-A7FE-EEC34BFB5F22}
	EndGlobalSection
EndGlobal
